
Microsoft Visual Studio Solution File, Format Version 12.00
# Visual Studio Version 17
VisualStudioVersion = 17.5.002.0
MinimumVisualStudioVersion = 10.0.40219.1
Project("{9A19103F-16F7-4668-BE54-9A1E7A4F7556}") = "ActorsRestService", "rest-service\ActorsRestService.csproj", "{AF814053-4258-4FC5-9206-60B98F4D735B}"
EndProject
Project("{9A19103F-16F7-4668-BE54-9A1E7A4F7556}") = "project", "single-page-app\project.csproj", "{8E2C8EC1-C773-4DEC-9AB6-EB7106D3980C}"
EndProject
Global
	GlobalSection(SolutionConfigurationPlatforms) = preSolution
		Debug|Any CPU = Debug|Any CPU
		Release|Any CPU = Release|Any CPU
	EndGlobalSection
	GlobalSection(ProjectConfigurationPlatforms) = postSolution
		{AF814053-4258-4FC5-9206-60B98F4D735B}.Debug|Any CPU.ActiveCfg = Debug|Any CPU
		{AF814053-4258-4FC5-9206-60B98F4D735B}.Debug|Any CPU.Build.0 = Debug|Any CPU
		{AF814053-4258-4FC5-9206-60B98F4D735B}.Release|Any CPU.ActiveCfg = Release|Any CPU
		{AF814053-4258-4FC5-9206-60B98F4D735B}.Release|Any CPU.Build.0 = Release|Any CPU
		{8E2C8EC1-C773-4DEC-9AB6-EB7106D3980C}.Debug|Any CPU.ActiveCfg = Debug|Any CPU
		{8E2C8EC1-C773-4DEC-9AB6-EB7106D3980C}.Debug|Any CPU.Build.0 = Debug|Any CPU
		{8E2C8EC1-C773-4DEC-9AB6-EB7106D3980C}.Release|Any CPU.ActiveCfg = Release|Any CPU
		{8E2C8EC1-C773-4DEC-9AB6-EB7106D3980C}.Release|Any CPU.Build.0 = Release|Any CPU
	EndGlobalSection
	GlobalSection(SolutionProperties) = preSolution
		HideSolutionNode = FALSE
	EndGlobalSection
	GlobalSection(ExtensibilityGlobals) = postSolution
		SolutionGuid = {F28865FD-9EDB-46BA-B1A2-D0E0671BDFCA}
	EndGlobalSection
EndGlobal
